// !$*UTF8*$!
{
	archiveVersion = 1;
	classes = {
	};
	objectVersion = 50;
	objects = {

/* Begin PBXBuildFile section */
		3C543EB6208CA62B00663A60 /* TableViewCell.swift in Sources */ = {isa = PBXBuildFile; fileRef = 3C543EB5208CA62B00663A60 /* TableViewCell.swift */; };
		3CB33F2F208CB8990098A6C4 /* checkbox_unchecked.png in Resources */ = {isa = PBXBuildFile; fileRef = 3CB33F2D208CB8990098A6C4 /* checkbox_unchecked.png */; };
		3CB33F30208CB8990098A6C4 /* checkbox_checked.png in Resources */ = {isa = PBXBuildFile; fileRef = 3CB33F2E208CB8990098A6C4 /* checkbox_checked.png */; };
		3CBAA94D208B660C00B30775 /* AppDelegate.swift in Sources */ = {isa = PBXBuildFile; fileRef = 3CBAA94C208B660C00B30775 /* AppDelegate.swift */; };
		3CBAA952208B660C00B30775 /* Main.storyboard in Resources */ = {isa = PBXBuildFile; fileRef = 3CBAA950208B660C00B30775 /* Main.storyboard */; };
		3CBAA954208B661200B30775 /* Assets.xcassets in Resources */ = {isa = PBXBuildFile; fileRef = 3CBAA953208B661200B30775 /* Assets.xcassets */; };
		3CBAA957208B661200B30775 /* LaunchScreen.storyboard in Resources */ = {isa = PBXBuildFile; fileRef = 3CBAA955208B661200B30775 /* LaunchScreen.storyboard */; };
		3CBAA960208B667000B30775 /* ToDoItem.swift in Sources */ = {isa = PBXBuildFile; fileRef = 3CBAA95F208B667000B30775 /* ToDoItem.swift */; };
		3CBAA962208B678B00B30775 /* Model.swift in Sources */ = {isa = PBXBuildFile; fileRef = 3CBAA961208B678B00B30775 /* Model.swift */; };
		3CBAA964208B68B600B30775 /* TableViewController.swift in Sources */ = {isa = PBXBuildFile; fileRef = 3CBAA963208B68B600B30775 /* TableViewController.swift */; };
/* End PBXBuildFile section */

/* Begin PBXFileReference section */
		3C543EB5208CA62B00663A60 /* TableViewCell.swift */ = {isa = PBXFileReference; lastKnownFileType = sourcecode.swift; path = TableViewCell.swift; sourceTree = "<group>"; };
		3CB33F2D208CB8990098A6C4 /* checkbox_unchecked.png */ = {isa = PBXFileReference; lastKnownFileType = image.png; path = checkbox_unchecked.png; sourceTree = "<group>"; };
		3CB33F2E208CB8990098A6C4 /* checkbox_checked.png */ = {isa = PBXFileReference; lastKnownFileType = image.png; path = checkbox_checked.png; sourceTree = "<group>"; };
		3CBAA949208B660C00B30775 /* ToDoList.app */ = {isa = PBXFileReference; explicitFileType = wrapper.application; includeInIndex = 0; path = ToDoList.app; sourceTree = BUILT_PRODUCTS_DIR; };
		3CBAA94C208B660C00B30775 /* AppDelegate.swift */ = {isa = PBXFileReference; lastKnownFileType = sourcecode.swift; path = AppDelegate.swift; sourceTree = "<group>"; };
		3CBAA951208B660C00B30775 /* Base */ = {isa = PBXFileReference; lastKnownFileType = file.storyboard; name = Base; path = Base.lproj/Main.storyboard; sourceTree = "<group>"; };
		3CBAA953208B661200B30775 /* Assets.xcassets */ = {isa = PBXFileReference; lastKnownFileType = folder.assetcatalog; path = Assets.xcassets; sourceTree = "<group>"; };
		3CBAA956208B661200B30775 /* Base */ = {isa = PBXFileReference; lastKnownFileType = file.storyboard; name = Base; path = Base.lproj/LaunchScreen.storyboard; sourceTree = "<group>"; };
		3CBAA958208B661200B30775 /* Info.plist */ = {isa = PBXFileReference; lastKnownFileType = text.plist.xml; path = Info.plist; sourceTree = "<group>"; };
		3CBAA95F208B667000B30775 /* ToDoItem.swift */ = {isa = PBXFileReference; lastKnownFileType = sourcecode.swift; path = ToDoItem.swift; sourceTree = "<group>"; };
		3CBAA961208B678B00B30775 /* Model.swift */ = {isa = PBXFileReference; lastKnownFileType = sourcecode.swift; path = Model.swift; sourceTree = "<group>"; };
		3CBAA963208B68B600B30775 /* TableViewController.swift */ = {isa = PBXFileReference; lastKnownFileType = sourcecode.swift; path = TableViewController.swift; sourceTree = "<group>"; };
/* End PBXFileReference section */

/* Begin PBXFrameworksBuildPhase section */
		3CBAA946208B660C00B30775 /* Frameworks */ = {
			isa = PBXFrameworksBuildPhase;
			buildActionMask = 2147483647;
			files = (
			);
			runOnlyForDeploymentPostprocessing = 0;
		};
/* End PBXFrameworksBuildPhase section */

/* Begin PBXGroup section */
		3CB33F1E208CB73C0098A6C4 /* Images */ = {
			isa = PBXGroup;
			children = (
				3CB33F2E208CB8990098A6C4 /* checkbox_checked.png */,
				3CB33F2D208CB8990098A6C4 /* checkbox_unchecked.png */,
			);
			path = Images;
			sourceTree = "<group>";
		};
		3CBAA940208B660C00B30775 = {
			isa = PBXGroup;
			children = (
				3CBAA94B208B660C00B30775 /* ToDoList */,
				3CBAA94A208B660C00B30775 /* Products */,
			);
			sourceTree = "<group>";
		};
		3CBAA94A208B660C00B30775 /* Products */ = {
			isa = PBXGroup;
			children = (
				3CBAA949208B660C00B30775 /* ToDoList.app */,
			);
			name = Products;
			sourceTree = "<group>";
		};
		3CBAA94B208B660C00B30775 /* ToDoList */ = {
			isa = PBXGroup;
			children = (
				3CBAA95E208B662500B30775 /* Model */,
				3CBAA94C208B660C00B30775 /* AppDelegate.swift */,
				3CBAA963208B68B600B30775 /* TableViewController.swift */,
				3C543EB5208CA62B00663A60 /* TableViewCell.swift */,
				3CBAA950208B660C00B30775 /* Main.storyboard */,
				3CB33F1E208CB73C0098A6C4 /* Images */,
				3CBAA953208B661200B30775 /* Assets.xcassets */,
				3CBAA955208B661200B30775 /* LaunchScreen.storyboard */,
				3CBAA958208B661200B30775 /* Info.plist */,
			);
			path = ToDoList;
			sourceTree = "<group>";
		};
		3CBAA95E208B662500B30775 /* Model */ = {
			isa = PBXGroup;
			children = (
				3CBAA95F208B667000B30775 /* ToDoItem.swift */,
				3CBAA961208B678B00B30775 /* Model.swift */,
			);
			path = Model;
			sourceTree = "<group>";
		};
/* End PBXGroup section */

/* Begin PBXNativeTarget section */
		3CBAA948208B660C00B30775 /* ToDoList */ = {
			isa = PBXNativeTarget;
			buildConfigurationList = 3CBAA95B208B661200B30775 /* Build configuration list for PBXNativeTarget "ToDoList" */;
			buildPhases = (
				3CBAA945208B660C00B30775 /* Sources */,
				3CBAA946208B660C00B30775 /* Frameworks */,
				3CBAA947208B660C00B30775 /* Resources */,
			);
			buildRules = (
			);
			dependencies = (
			);
			name = ToDoList;
			productName = ToDoList;
			productReference = 3CBAA949208B660C00B30775 /* ToDoList.app */;
			productType = "com.apple.product-type.application";
		};
/* End PBXNativeTarget section */

/* Begin PBXProject section */
		3CBAA941208B660C00B30775 /* Project object */ = {
			isa = PBXProject;
			attributes = {
				LastSwiftUpdateCheck = 0930;
				LastUpgradeCheck = 0930;
				ORGANIZATIONNAME = "Pavel Levishchev";
				TargetAttributes = {
					3CBAA948208B660C00B30775 = {
						CreatedOnToolsVersion = 9.3;
					};
				};
			};
			buildConfigurationList = 3CBAA944208B660C00B30775 /* Build configuration list for PBXProject "ToDoList" */;
			compatibilityVersion = "Xcode 9.3";
			developmentRegion = en;
			hasScannedForEncodings = 0;
			knownRegions = (
				en,
				Base,
			);
			mainGroup = 3CBAA940208B660C00B30775;
			productRefGroup = 3CBAA94A208B660C00B30775 /* Products */;
			projectDirPath = "";
			projectRoot = "";
			targets = (
				3CBAA948208B660C00B30775 /* ToDoList */,
			);
		};
/* End PBXProject section */

/* Begin PBXResourcesBuildPhase section */
		3CBAA947208B660C00B30775 /* Resources */ = {
			isa = PBXResourcesBuildPhase;
			buildActionMask = 2147483647;
			files = (
				3CBAA957208B661200B30775 /* LaunchScreen.storyboard in Resources */,
				3CB33F2F208CB8990098A6C4 /* checkbox_unchecked.png in Resources */,
				3CB33F30208CB8990098A6C4 /* checkbox_checked.png in Resources */,
				3CBAA954208B661200B30775 /* Assets.xcassets in Resources */,
				3CBAA952208B660C00B30775 /* Main.storyboard in Resources */,
			);
			runOnlyForDeploymentPostprocessing = 0;
		};
/* End PBXResourcesBuildPhase section */

/* Begin PBXSourcesBuildPhase section */
		3CBAA945208B660C00B30775 /* Sources */ = {
			isa = PBXSourcesBuildPhase;
			buildActionMask = 2147483647;
			files = (
				3C543EB6208CA62B00663A60 /* TableViewCell.swift in Sources */,
				3CBAA960208B667000B30775 /* ToDoItem.swift in Sources */,
				3CBAA94D208B660C00B30775 /* AppDelegate.swift in Sources */,
				3CBAA962208B678B00B30775 /* Model.swift in Sources */,
				3CBAA964208B68B600B30775 /* TableViewController.swift in Sources */,
			);
			runOnlyForDeploymentPostprocessing = 0;
		};
/* End PBXSourcesBuildPhase section */

/* Begin PBXVariantGroup section */
		3CBAA950208B660C00B30775 /* Main.storyboard */ = {
			isa = PBXVariantGroup;
			children = (
				3CBAA951208B660C00B30775 /* Base */,
			);
			name = Main.storyboard;
			sourceTree = "<group>";
		};
		3CBAA955208B661200B30775 /* LaunchScreen.storyboard */ = {
			isa = PBXVariantGroup;
			children = (
				3CBAA956208B661200B30775 /* Base */,
			);
			name = LaunchScreen.storyboard;
			sourceTree = "<group>";
		};
/* End PBXVariantGroup section */

/* Begin XCBuildConfiguration section */
		3CBAA959208B661200B30775 /* Debug */ = {
			isa = XCBuildConfiguration;
			buildSettings = {
				ALWAYS_SEARCH_USER_PATHS = NO;
				CLANG_ANALYZER_NONNULL = YES;
				CLANG_ANALYZER_NUMBER_OBJECT_CONVERSION = YES_AGGRESSIVE;
				CLANG_CXX_LANGUAGE_STANDARD = "gnu++14";
				CLANG_CXX_LIBRARY = "libc++";
				CLANG_ENABLE_MODULES = YES;
				CLANG_ENABLE_OBJC_ARC = YES;
				CLANG_ENABLE_OBJC_WEAK = YES;
				CLANG_WARN_BLOCK_CAPTURE_AUTORELEASING = YES;
				CLANG_WARN_BOOL_CONVERSION = YES;
				CLANG_WARN_COMMA = YES;
				CLANG_WARN_CONSTANT_CONVERSION = YES;
				CLANG_WARN_DEPRECATED_OBJC_IMPLEMENTATIONS = YES;
				CLANG_WARN_DIRECT_OBJC_ISA_USAGE = YES_ERROR;
				CLANG_WARN_DOCUMENTATION_COMMENTS = YES;
				CLANG_WARN_EMPTY_BODY = YES;
				CLANG_WARN_ENUM_CONVERSION = YES;
				CLANG_WARN_INFINITE_RECURSION = YES;
				CLANG_WARN_INT_CONVERSION = YES;
				CLANG_WARN_NON_LITERAL_NULL_CONVERSION = YES;
				CLANG_WARN_OBJC_IMPLICIT_RETAIN_SELF = YES;
				CLANG_WARN_OBJC_LITERAL_CONVERSION = YES;
				CLANG_WARN_OBJC_ROOT_CLASS = YES_ERROR;
				CLANG_WARN_RANGE_LOOP_ANALYSIS = YES;
				CLANG_WARN_STRICT_PROTOTYPES = YES;
				CLANG_WARN_SUSPICIOUS_MOVE = YES;
				CLANG_WARN_UNGUARDED_AVAILABILITY = YES_AGGRESSIVE;
				CLANG_WARN_UNREACHABLE_CODE = YES;
				CLANG_WARN__DUPLICATE_METHOD_MATCH = YES;
				CODE_SIGN_IDENTITY = "iPhone Developer";
				COPY_PHASE_STRIP = NO;
				DEBUG_INFORMATION_FORMAT = dwarf;
				ENABLE_STRICT_OBJC_MSGSEND = YES;
				ENABLE_TESTABILITY = YES;
				GCC_C_LANGUAGE_STANDARD = gnu11;
				GCC_DYNAMIC_NO_PIC = NO;
				GCC_NO_COMMON_BLOCKS = YES;
				GCC_OPTIMIZATION_LEVEL = 0;
				GCC_PREPROCESSOR_DEFINITIONS = (
					"DEBUG=1",
					"$(inherited)",
				);
				GCC_WARN_64_TO_32_BIT_CONVERSION = YES;
				GCC_WARN_ABOUT_RETURN_TYPE = YES_ERROR;
				GCC_WARN_UNDECLARED_SELECTOR = YES;
				GCC_WARN_UNINITIALIZED_AUTOS = YES_AGGRESSIVE;
				GCC_WARN_UNUSED_FUNCTION = YES;
				GCC_WARN_UNUSED_VARIABLE = YES;
				IPHONEOS_DEPLOYMENT_TARGET = 11.3;
				MTL_ENABLE_DEBUG_INFO = YES;
				ONLY_ACTIVE_ARCH = YES;
				SDKROOT = iphoneos;
				SWIFT_ACTIVE_COMPILATION_CONDITIONS = DEBUG;
				SWIFT_OPTIMIZATION_LEVEL = "-Onone";
			};
			name = Debug;
		};
		3CBAA95A208B661200B30775 /* Release */ = {
			isa = XCBuildConfiguration;
			buildSettings = {
				ALWAYS_SEARCH_USER_PATHS = NO;
				CLANG_ANALYZER_NONNULL = YES;
				CLANG_ANALYZER_NUMBER_OBJECT_CONVERSION = YES_AGGRESSIVE;
				CLANG_CXX_LANGUAGE_STANDARD = "gnu++14";
				CLANG_CXX_LIBRARY = "libc++";
				CLANG_ENABLE_MODULES = YES;
				CLANG_ENABLE_OBJC_ARC = YES;
				CLANG_ENABLE_OBJC_WEAK = YES;
				CLANG_WARN_BLOCK_CAPTURE_AUTORELEASING = YES;
				CLANG_WARN_BOOL_CONVERSION = YES;
				CLANG_WARN_COMMA = YES;
				CLANG_WARN_CONSTANT_CONVERSION = YES;
				CLANG_WARN_DEPRECATED_OBJC_IMPLEMENTATIONS = YES;
				CLANG_WARN_DIRECT_OBJC_ISA_USAGE = YES_ERROR;
				CLANG_WARN_DOCUMENTATION_COMMENTS = YES;
				CLANG_WARN_EMPTY_BODY = YES;
				CLANG_WARN_ENUM_CONVERSION = YES;
				CLANG_WARN_INFINITE_RECURSION = YES;
				CLANG_WARN_INT_CONVERSION = YES;
				CLANG_WARN_NON_LITERAL_NULL_CONVERSION = YES;
				CLANG_WARN_OBJC_IMPLICIT_RETAIN_SELF = YES;
				CLANG_WARN_OBJC_LITERAL_CONVERSION = YES;
				CLANG_WARN_OBJC_ROOT_CLASS = YES_ERROR;
				CLANG_WARN_RANGE_LOOP_ANALYSIS = YES;
				CLANG_WARN_STRICT_PROTOTYPES = YES;
				CLANG_WARN_SUSPICIOUS_MOVE = YES;
				CLANG_WARN_UNGUARDED_AVAILABILITY = YES_AGGRESSIVE;
				CLANG_WARN_UNREACHABLE_CODE = YES;
				CLANG_WARN__DUPLICATE_METHOD_MATCH = YES;
				CODE_SIGN_IDENTITY = "iPhone Developer";
				COPY_PHASE_STRIP = NO;
				DEBUG_INFORMATION_FORMAT = "dwarf-with-dsym";
				ENABLE_NS_ASSERTIONS = NO;
				ENABLE_STRICT_OBJC_MSGSEND = YES;
				GCC_C_LANGUAGE_STANDARD = gnu11;
				GCC_NO_COMMON_BLOCKS = YES;
				GCC_WARN_64_TO_32_BIT_CONVERSION = YES;
				GCC_WARN_ABOUT_RETURN_TYPE = YES_ERROR;
				GCC_WARN_UNDECLARED_SELECTOR = YES;
				GCC_WARN_UNINITIALIZED_AUTOS = YES_AGGRESSIVE;
				GCC_WARN_UNUSED_FUNCTION = YES;
				GCC_WARN_UNUSED_VARIABLE = YES;
				IPHONEOS_DEPLOYMENT_TARGET = 11.3;
				MTL_ENABLE_DEBUG_INFO = NO;
				SDKROOT = iphoneos;
				SWIFT_COMPILATION_MODE = wholemodule;
				SWIFT_OPTIMIZATION_LEVEL = "-O";
				VALIDATE_PRODUCT = YES;
			};
			name = Release;
		};
		3CBAA95C208B661200B30775 /* Debug */ = {
			isa = XCBuildConfiguration;
			buildSettings = {
				ASSETCATALOG_COMPILER_APPICON_NAME = AppIcon;
				CODE_SIGN_STYLE = Automatic;
				INFOPLIST_FILE = ToDoList/Info.plist;
				LD_RUNPATH_SEARCH_PATHS = (
					"$(inherited)",
					"@executable_path/Frameworks",
				);
				PRODUCT_BUNDLE_IDENTIFIER = com.levishchev.ToDoList;
				PRODUCT_NAME = "$(TARGET_NAME)";
				SWIFT_VERSION = 4.0;
				TARGETED_DEVICE_FAMILY = "1,2";
			};
			name = Debug;
		};
		3CBAA95D208B661200B30775 /* Release */ = {
			isa = XCBuildConfiguration;
			buildSettings = {
				ASSETCATALOG_COMPILER_APPICON_NAME = AppIcon;
				CODE_SIGN_STYLE = Automatic;
				INFOPLIST_FILE = ToDoList/Info.plist;
				LD_RUNPATH_SEARCH_PATHS = (
					"$(inherited)",
					"@executable_path/Frameworks",
				);
				PRODUCT_BUNDLE_IDENTIFIER = com.levishchev.ToDoList;
				PRODUCT_NAME = "$(TARGET_NAME)";
				SWIFT_VERSION = 4.0;
				TARGETED_DEVICE_FAMILY = "1,2";
			};
			name = Release;
		};
/* End XCBuildConfiguration section */

/* Begin XCConfigurationList section */
		3CBAA944208B660C00B30775 /* Build configuration list for PBXProject "ToDoList" */ = {
			isa = XCConfigurationList;
			buildConfigurations = (
				3CBAA959208B661200B30775 /* Debug */,
				3CBAA95A208B661200B30775 /* Release */,
			);
			defaultConfigurationIsVisible = 0;
			defaultConfigurationName = Release;
		};
		3CBAA95B208B661200B30775 /* Build configuration list for PBXNativeTarget "ToDoList" */ = {
			isa = XCConfigurationList;
			buildConfigurations = (
				3CBAA95C208B661200B30775 /* Debug */,
				3CBAA95D208B661200B30775 /* Release */,
			);
			defaultConfigurationIsVisible = 0;
			defaultConfigurationName = Release;
		};
/* End XCConfigurationList section */
	};
	rootObject = 3CBAA941208B660C00B30775 /* Project object */;
}
